
Microsoft Visual Studio Solution File, Format Version 12.00
# Visual Studio Version 16
VisualStudioVersion = 16.0.29806.167
MinimumVisualStudioVersion = 10.0.40219.1
Project("{9A19103F-16F7-4668-BE54-9A1E7A4F7556}") = "ImpressoraExpressMVC", "ImpressoraExpress\ImpressoraExpressMVC.csproj", "{0A0266A7-9655-42F3-8720-F706A72FEE99}"
EndProject
Project("{9A19103F-16F7-4668-BE54-9A1E7A4F7556}") = "DTO", "DTO\DTO.csproj", "{B2667302-98ED-4301-AA95-E53E376622F2}"
EndProject
Project("{9A19103F-16F7-4668-BE54-9A1E7A4F7556}") = "DAO", "DAO\DAO.csproj", "{AB3B770B-6D33-4D13-A564-1ECACE274EE3}"
EndProject
Project("{FAE04EC0-301F-11D3-BF4B-00C04F79EFBC}") = "BLL", "BLL\BLL.csproj", "{FA0DCB4C-D5CC-40CA-B90D-4EA6E00E0584}"
EndProject
Global
	GlobalSection(SolutionConfigurationPlatforms) = preSolution
		Debug|Any CPU = Debug|Any CPU
		Release|Any CPU = Release|Any CPU
	EndGlobalSection
	GlobalSection(ProjectConfigurationPlatforms) = postSolution
		{0A0266A7-9655-42F3-8720-F706A72FEE99}.Debug|Any CPU.ActiveCfg = Debug|Any CPU
		{0A0266A7-9655-42F3-8720-F706A72FEE99}.Debug|Any CPU.Build.0 = Debug|Any CPU
		{0A0266A7-9655-42F3-8720-F706A72FEE99}.Release|Any CPU.ActiveCfg = Release|Any CPU
		{0A0266A7-9655-42F3-8720-F706A72FEE99}.Release|Any CPU.Build.0 = Release|Any CPU
		{B2667302-98ED-4301-AA95-E53E376622F2}.Debug|Any CPU.ActiveCfg = Debug|Any CPU
		{B2667302-98ED-4301-AA95-E53E376622F2}.Debug|Any CPU.Build.0 = Debug|Any CPU
		{B2667302-98ED-4301-AA95-E53E376622F2}.Release|Any CPU.ActiveCfg = Release|Any CPU
		{B2667302-98ED-4301-AA95-E53E376622F2}.Release|Any CPU.Build.0 = Release|Any CPU
		{AB3B770B-6D33-4D13-A564-1ECACE274EE3}.Debug|Any CPU.ActiveCfg = Debug|Any CPU
		{AB3B770B-6D33-4D13-A564-1ECACE274EE3}.Debug|Any CPU.Build.0 = Debug|Any CPU
		{AB3B770B-6D33-4D13-A564-1ECACE274EE3}.Release|Any CPU.ActiveCfg = Release|Any CPU
		{AB3B770B-6D33-4D13-A564-1ECACE274EE3}.Release|Any CPU.Build.0 = Release|Any CPU
		{FA0DCB4C-D5CC-40CA-B90D-4EA6E00E0584}.Debug|Any CPU.ActiveCfg = Debug|Any CPU
		{FA0DCB4C-D5CC-40CA-B90D-4EA6E00E0584}.Debug|Any CPU.Build.0 = Debug|Any CPU
		{FA0DCB4C-D5CC-40CA-B90D-4EA6E00E0584}.Release|Any CPU.ActiveCfg = Release|Any CPU
		{FA0DCB4C-D5CC-40CA-B90D-4EA6E00E0584}.Release|Any CPU.Build.0 = Release|Any CPU
	EndGlobalSection
	GlobalSection(SolutionProperties) = preSolution
		HideSolutionNode = FALSE
	EndGlobalSection
	GlobalSection(ExtensibilityGlobals) = postSolution
		SolutionGuid = {35F496F8-A220-41BF-BDDF-0C63FCD57638}
	EndGlobalSection
EndGlobal
